Microsoft Visual Studio Solution File, Format Version 11.00
# Visual Studio 2008

Project("{CAC4D9E1-EA83-35BE-70DE-58CCCAD2EF31}") = "Krrkrr", "Assembly-CSharp-firstpass-vs.csproj", "{641364ED-5A6E-9CFD-BAAE-37E5E82E9580}"
EndProject
Project("{CAC4D9E1-EA83-35BE-70DE-58CCCAD2EF31}") = "Krrkrr", "Assembly-CSharp-vs.csproj", "{00F01E8E-62EA-46FC-9E80-0E1F46C96406}"
EndProject
Project("{CAC4D9E1-EA83-35BE-70DE-58CCCAD2EF31}") = "Krrkrr", "Assembly-CSharp-Editor-firstpass-vs.csproj", "{ED9E584A-1338-ED44-0A9E-FBC781A33BD1}"
EndProject
Global
	GlobalSection(SolutionConfigurationPlatforms) = preSolution
		Debug|Any CPU = Debug|Any CPU
		Release|Any CPU = Release|Any CPU
	EndGlobalSection
	GlobalSection(ProjectConfigurationPlatforms) = postSolution
		{641364ED-5A6E-9CFD-BAAE-37E5E82E9580}.Debug|Any CPU.ActiveCfg = Debug|Any CPU
		{641364ED-5A6E-9CFD-BAAE-37E5E82E9580}.Debug|Any CPU.Build.0 = Debug|Any CPU
		{641364ED-5A6E-9CFD-BAAE-37E5E82E9580}.Release|Any CPU.ActiveCfg = Release|Any CPU
		{641364ED-5A6E-9CFD-BAAE-37E5E82E9580}.Release|Any CPU.Build.0 = Release|Any CPU
		{00F01E8E-62EA-46FC-9E80-0E1F46C96406}.Debug|Any CPU.ActiveCfg = Debug|Any CPU
		{00F01E8E-62EA-46FC-9E80-0E1F46C96406}.Debug|Any CPU.Build.0 = Debug|Any CPU
		{00F01E8E-62EA-46FC-9E80-0E1F46C96406}.Release|Any CPU.ActiveCfg = Release|Any CPU
		{00F01E8E-62EA-46FC-9E80-0E1F46C96406}.Release|Any CPU.Build.0 = Release|Any CPU
		{ED9E584A-1338-ED44-0A9E-FBC781A33BD1}.Debug|Any CPU.ActiveCfg = Debug|Any CPU
		{ED9E584A-1338-ED44-0A9E-FBC781A33BD1}.Debug|Any CPU.Build.0 = Debug|Any CPU
		{ED9E584A-1338-ED44-0A9E-FBC781A33BD1}.Release|Any CPU.ActiveCfg = Release|Any CPU
		{ED9E584A-1338-ED44-0A9E-FBC781A33BD1}.Release|Any CPU.Build.0 = Release|Any CPU
	EndGlobalSection
	GlobalSection(SolutionProperties) = preSolution
		HideSolutionNode = FALSE
	EndGlobalSection
			GlobalSection(MonoDevelopProperties) = preSolution
		StartupItem = Assembly-CSharp.csproj
	EndGlobalSection

EndGlobal
